// !$*UTF8*$!
{
	archiveVersion = 1;
	classes = {
	};
	objectVersion = 77;
	objects = {

/* Begin PBXContainerItemProxy section */
		A34AFE182D30847000EADBDC /* PBXContainerItemProxy */ = {
			isa = PBXContainerItemProxy;
			containerPortal = A34AFDFF2D30846E00EADBDC /* Project object */;
			proxyType = 1;
			remoteGlobalIDString = A34AFE062D30846E00EADBDC;
			remoteInfo = NewsApp_MVVM;
		};
		A34AFE222D30847000EADBDC /* PBXContainerItemProxy */ = {
			isa = PBXContainerItemProxy;
			containerPortal = A34AFDFF2D30846E00EADBDC /* Project object */;
			proxyType = 1;
			remoteGlobalIDString = A34AFE062D30846E00EADBDC;
			remoteInfo = NewsApp_MVVM;
		};
/* End PBXContainerItemProxy section */

/* Begin PBXFileReference section */
		A34AFE072D30846E00EADBDC /* NewsApp_MVVM.app */ = {isa = PBXFileReference; explicitFileType = wrapper.application; includeInIndex = 0; path = NewsApp_MVVM.app; sourceTree = BUILT_PRODUCTS_DIR; };
		A34AFE172D30847000EADBDC /* NewsApp_MVVMTests.xctest */ = {isa = PBXFileReference; explicitFileType = wrapper.cfbundle; includeInIndex = 0; path = NewsApp_MVVMTests.xctest; sourceTree = BUILT_PRODUCTS_DIR; };
		A34AFE212D30847000EADBDC /* NewsApp_MVVMUITests.xctest */ = {isa = PBXFileReference; explicitFileType = wrapper.cfbundle; includeInIndex = 0; path = NewsApp_MVVMUITests.xctest; sourceTree = BUILT_PRODUCTS_DIR; };
/* End PBXFileReference section */

/* Begin PBXFileSystemSynchronizedRootGroup section */
		A34AFE092D30846E00EADBDC /* NewsApp_MVVM */ = {
			isa = PBXFileSystemSynchronizedRootGroup;
			path = NewsApp_MVVM;
			sourceTree = "<group>";
		};
		A34AFE1A2D30847000EADBDC /* NewsApp_MVVMTests */ = {
			isa = PBXFileSystemSynchronizedRootGroup;
			path = NewsApp_MVVMTests;
			sourceTree = "<group>";
		};
		A34AFE242D30847000EADBDC /* NewsApp_MVVMUITests */ = {
			isa = PBXFileSystemSynchronizedRootGroup;
			path = NewsApp_MVVMUITests;
			sourceTree = "<group>";
		};
/* End PBXFileSystemSynchronizedRootGroup section */

/* Begin PBXFrameworksBuildPhase section */
		A34AFE042D30846E00EADBDC /* Frameworks */ = {
			isa = PBXFrameworksBuildPhase;
			buildActionMask = 2147483647;
			files = (
			);
			runOnlyForDeploymentPostprocessing = 0;
		};
		A34AFE142D30847000EADBDC /* Frameworks */ = {
			isa = PBXFrameworksBuildPhase;
			buildActionMask = 2147483647;
			files = (
			);
			runOnlyForDeploymentPostprocessing = 0;
		};
		A34AFE1E2D30847000EADBDC /* Frameworks */ = {
			isa = PBXFrameworksBuildPhase;
			buildActionMask = 2147483647;
			files = (
			);
			runOnlyForDeploymentPostprocessing = 0;
		};
/* End PBXFrameworksBuildPhase section */

/* Begin PBXGroup section */
		A34AFDFE2D30846E00EADBDC = {
			isa = PBXGroup;
			children = (
				A34AFE092D30846E00EADBDC /* NewsApp_MVVM */,
				A34AFE1A2D30847000EADBDC /* NewsApp_MVVMTests */,
				A34AFE242D30847000EADBDC /* NewsApp_MVVMUITests */,
				A34AFE082D30846E00EADBDC /* Products */,
			);
			sourceTree = "<group>";
		};
		A34AFE082D30846E00EADBDC /* Products */ = {
			isa = PBXGroup;
			children = (
				A34AFE072D30846E00EADBDC /* NewsApp_MVVM.app */,
				A34AFE172D30847000EADBDC /* NewsApp_MVVMTests.xctest */,
				A34AFE212D30847000EADBDC /* NewsApp_MVVMUITests.xctest */,
			);
			name = Products;
			sourceTree = "<group>";
		};
/* End PBXGroup section */

/* Begin PBXNativeTarget section */
		A34AFE062D30846E00EADBDC /* NewsApp_MVVM */ = {
			isa = PBXNativeTarget;
			buildConfigurationList = A34AFE2B2D30847000EADBDC /* Build configuration list for PBXNativeTarget "NewsApp_MVVM" */;
			buildPhases = (
				A34AFE032D30846E00EADBDC /* Sources */,
				A34AFE042D30846E00EADBDC /* Frameworks */,
				A34AFE052D30846E00EADBDC /* Resources */,
			);
			buildRules = (
			);
			dependencies = (
			);
			fileSystemSynchronizedGroups = (
				A34AFE092D30846E00EADBDC /* NewsApp_MVVM */,
			);
			name = NewsApp_MVVM;
			packageProductDependencies = (
			);
			productName = NewsApp_MVVM;
			productReference = A34AFE072D30846E00EADBDC /* NewsApp_MVVM.app */;
			productType = "com.apple.product-type.application";
		};
		A34AFE162D30847000EADBDC /* NewsApp_MVVMTests */ = {
			isa = PBXNativeTarget;
			buildConfigurationList = A34AFE2E2D30847000EADBDC /* Build configuration list for PBXNativeTarget "NewsApp_MVVMTests" */;
			buildPhases = (
				A34AFE132D30847000EADBDC /* Sources */,
				A34AFE142D30847000EADBDC /* Frameworks */,
				A34AFE152D30847000EADBDC /* Resources */,
			);
			buildRules = (
			);
			dependencies = (
				A34AFE192D30847000EADBDC /* PBXTargetDependency */,
			);
			fileSystemSynchronizedGroups = (
				A34AFE1A2D30847000EADBDC /* NewsApp_MVVMTests */,
			);
			name = NewsApp_MVVMTests;
			packageProductDependencies = (
			);
			productName = NewsApp_MVVMTests;
			productReference = A34AFE172D30847000EADBDC /* NewsApp_MVVMTests.xctest */;
			productType = "com.apple.product-type.bundle.unit-test";
		};
		A34AFE202D30847000EADBDC /* NewsApp_MVVMUITests */ = {
			isa = PBXNativeTarget;
			buildConfigurationList = A34AFE312D30847000EADBDC /* Build configuration list for PBXNativeTarget "NewsApp_MVVMUITests" */;
			buildPhases = (
				A34AFE1D2D30847000EADBDC /* Sources */,
				A34AFE1E2D30847000EADBDC /* Frameworks */,
				A34AFE1F2D30847000EADBDC /* Resources */,
			);
			buildRules = (
			);
			dependencies = (
				A34AFE232D30847000EADBDC /* PBXTargetDependency */,
			);
			fileSystemSynchronizedGroups = (
				A34AFE242D30847000EADBDC /* NewsApp_MVVMUITests */,
			);
			name = NewsApp_MVVMUITests;
			packageProductDependencies = (
			);
			productName = NewsApp_MVVMUITests;
			productReference = A34AFE212D30847000EADBDC /* NewsApp_MVVMUITests.xctest */;
			productType = "com.apple.product-type.bundle.ui-testing";
		};
/* End PBXNativeTarget section */

/* Begin PBXProject section */
		A34AFDFF2D30846E00EADBDC /* Project object */ = {
			isa = PBXProject;
			attributes = {
				BuildIndependentTargetsInParallel = 1;
				LastSwiftUpdateCheck = 1620;
				LastUpgradeCheck = 1620;
				TargetAttributes = {
					A34AFE062D30846E00EADBDC = {
						CreatedOnToolsVersion = 16.2;
					};
					A34AFE162D30847000EADBDC = {
						CreatedOnToolsVersion = 16.2;
						TestTargetID = A34AFE062D30846E00EADBDC;
					};
					A34AFE202D30847000EADBDC = {
						CreatedOnToolsVersion = 16.2;
						TestTargetID = A34AFE062D30846E00EADBDC;
					};
				};
			};
			buildConfigurationList = A34AFE022D30846E00EADBDC /* Build configuration list for PBXProject "NewsApp_MVVM" */;
			developmentRegion = en;
			hasScannedForEncodings = 0;
			knownRegions = (
				en,
				Base,
			);
			mainGroup = A34AFDFE2D30846E00EADBDC;
			minimizedProjectReferenceProxies = 1;
			preferredProjectObjectVersion = 77;
			productRefGroup = A34AFE082D30846E00EADBDC /* Products */;
			projectDirPath = "";
			projectRoot = "";
			targets = (
				A34AFE062D30846E00EADBDC /* NewsApp_MVVM */,
				A34AFE162D30847000EADBDC /* NewsApp_MVVMTests */,
				A34AFE202D30847000EADBDC /* NewsApp_MVVMUITests */,
			);
		};
/* End PBXProject section */

/* Begin PBXResourcesBuildPhase section */
		A34AFE052D30846E00EADBDC /* Resources */ = {
			isa = PBXResourcesBuildPhase;
			buildActionMask = 2147483647;
			files = (
			);
			runOnlyForDeploymentPostprocessing = 0;
		};
		A34AFE152D30847000EADBDC /* Resources */ = {
			isa = PBXResourcesBuildPhase;
			buildActionMask = 2147483647;
			files = (
			);
			runOnlyForDeploymentPostprocessing = 0;
		};
		A34AFE1F2D30847000EADBDC /* Resources */ = {
			isa = PBXResourcesBuildPhase;
			buildActionMask = 2147483647;
			files = (
			);
			runOnlyForDeploymentPostprocessing = 0;
		};
/* End PBXResourcesBuildPhase section */

/* Begin PBXSourcesBuildPhase section */
		A34AFE032D30846E00EADBDC /* Sources */ = {
			isa = PBXSourcesBuildPhase;
			buildActionMask = 2147483647;
			files = (
			);
			runOnlyForDeploymentPostprocessing = 0;
		};
		A34AFE132D30847000EADBDC /* Sources */ = {
			isa = PBXSourcesBuildPhase;
			buildActionMask = 2147483647;
			files = (
			);
			runOnlyForDeploymentPostprocessing = 0;
		};
		A34AFE1D2D30847000EADBDC /* Sources */ = {
			isa = PBXSourcesBuildPhase;
			buildActionMask = 2147483647;
			files = (
			);
			runOnlyForDeploymentPostprocessing = 0;
		};
/* End PBXSourcesBuildPhase section */

/* Begin PBXTargetDependency section */
		A34AFE192D30847000EADBDC /* PBXTargetDependency */ = {
			isa = PBXTargetDependency;
			target = A34AFE062D30846E00EADBDC /* NewsApp_MVVM */;
			targetProxy = A34AFE182D30847000EADBDC /* PBXContainerItemProxy */;
		};
		A34AFE232D30847000EADBDC /* PBXTargetDependency */ = {
			isa = PBXTargetDependency;
			target = A34AFE062D30846E00EADBDC /* NewsApp_MVVM */;
			targetProxy = A34AFE222D30847000EADBDC /* PBXContainerItemProxy */;
		};
/* End PBXTargetDependency section */

/* Begin XCBuildConfiguration section */
		A34AFE292D30847000EADBDC /* Debug */ = {
			isa = XCBuildConfiguration;
			buildSettings = {
				ALWAYS_SEARCH_USER_PATHS = NO;
				ASSETCATALOG_COMPILER_GENERATE_SWIFT_ASSET_SYMBOL_EXTENSIONS = YES;
				CLANG_ANALYZER_NONNULL = YES;
				CLANG_ANALYZER_NUMBER_OBJECT_CONVERSION = YES_AGGRESSIVE;
				CLANG_CXX_LANGUAGE_STANDARD = "gnu++20";
				CLANG_ENABLE_MODULES = YES;
				CLANG_ENABLE_OBJC_ARC = YES;
				CLANG_ENABLE_OBJC_WEAK = YES;
				CLANG_WARN_BLOCK_CAPTURE_AUTORELEASING = YES;
				CLANG_WARN_BOOL_CONVERSION = YES;
				CLANG_WARN_COMMA = YES;
				CLANG_WARN_CONSTANT_CONVERSION = YES;
				CLANG_WARN_DEPRECATED_OBJC_IMPLEMENTATIONS = YES;
				CLANG_WARN_DIRECT_OBJC_ISA_USAGE = YES_ERROR;
				CLANG_WARN_DOCUMENTATION_COMMENTS = YES;
				CLANG_WARN_EMPTY_BODY = YES;
				CLANG_WARN_ENUM_CONVERSION = YES;
				CLANG_WARN_INFINITE_RECURSION = YES;
				CLANG_WARN_INT_CONVERSION = YES;
				CLANG_WARN_NON_LITERAL_NULL_CONVERSION = YES;
				CLANG_WARN_OBJC_IMPLICIT_RETAIN_SELF = YES;
				CLANG_WARN_OBJC_LITERAL_CONVERSION = YES;
				CLANG_WARN_OBJC_ROOT_CLASS = YES_ERROR;
				CLANG_WARN_QUOTED_INCLUDE_IN_FRAMEWORK_HEADER = YES;
				CLANG_WARN_RANGE_LOOP_ANALYSIS = YES;
				CLANG_WARN_STRICT_PROTOTYPES = YES;
				CLANG_WARN_SUSPICIOUS_MOVE = YES;
				CLANG_WARN_UNGUARDED_AVAILABILITY = YES_AGGRESSIVE;
				CLANG_WARN_UNREACHABLE_CODE = YES;
				CLANG_WARN__DUPLICATE_METHOD_MATCH = YES;
				COPY_PHASE_STRIP = NO;
				DEBUG_INFORMATION_FORMAT = dwarf;
				ENABLE_STRICT_OBJC_MSGSEND = YES;
				ENABLE_TESTABILITY = YES;
				ENABLE_USER_SCRIPT_SANDBOXING = YES;
				GCC_C_LANGUAGE_STANDARD = gnu17;
				GCC_DYNAMIC_NO_PIC = NO;
				GCC_NO_COMMON_BLOCKS = YES;
				GCC_OPTIMIZATION_LEVEL = 0;
				GCC_PREPROCESSOR_DEFINITIONS = (
					"DEBUG=1",
					"$(inherited)",
				);
				GCC_WARN_64_TO_32_BIT_CONVERSION = YES;
				GCC_WARN_ABOUT_RETURN_TYPE = YES_ERROR;
				GCC_WARN_UNDECLARED_SELECTOR = YES;
				GCC_WARN_UNINITIALIZED_AUTOS = YES_AGGRESSIVE;
				GCC_WARN_UNUSED_FUNCTION = YES;
				GCC_WARN_UNUSED_VARIABLE = YES;
				IPHONEOS_DEPLOYMENT_TARGET = 18.2;
				LOCALIZATION_PREFERS_STRING_CATALOGS = YES;
				MTL_ENABLE_DEBUG_INFO = INCLUDE_SOURCE;
				MTL_FAST_MATH = YES;
				ONLY_ACTIVE_ARCH = YES;
				SDKROOT = iphoneos;
				SWIFT_ACTIVE_COMPILATION_CONDITIONS = "DEBUG $(inherited)";
				SWIFT_OPTIMIZATION_LEVEL = "-Onone";
			};
			name = Debug;
		};
		A34AFE2A2D30847000EADBDC /* Release */ = {
			isa = XCBuildConfiguration;
			buildSettings = {
				ALWAYS_SEARCH_USER_PATHS = NO;
				ASSETCATALOG_COMPILER_GENERATE_SWIFT_ASSET_SYMBOL_EXTENSIONS = YES;
				CLANG_ANALYZER_NONNULL = YES;
				CLANG_ANALYZER_NUMBER_OBJECT_CONVERSION = YES_AGGRESSIVE;
				CLANG_CXX_LANGUAGE_STANDARD = "gnu++20";
				CLANG_ENABLE_MODULES = YES;
				CLANG_ENABLE_OBJC_ARC = YES;
				CLANG_ENABLE_OBJC_WEAK = YES;
				CLANG_WARN_BLOCK_CAPTURE_AUTORELEASING = YES;
				CLANG_WARN_BOOL_CONVERSION = YES;
				CLANG_WARN_COMMA = YES;
				CLANG_WARN_CONSTANT_CONVERSION = YES;
				CLANG_WARN_DEPRECATED_OBJC_IMPLEMENTATIONS = YES;
				CLANG_WARN_DIRECT_OBJC_ISA_USAGE = YES_ERROR;
				CLANG_WARN_DOCUMENTATION_COMMENTS = YES;
				CLANG_WARN_EMPTY_BODY = YES;
				CLANG_WARN_ENUM_CONVERSION = YES;
				CLANG_WARN_INFINITE_RECURSION = YES;
				CLANG_WARN_INT_CONVERSION = YES;
				CLANG_WARN_NON_LITERAL_NULL_CONVERSION = YES;
				CLANG_WARN_OBJC_IMPLICIT_RETAIN_SELF = YES;
				CLANG_WARN_OBJC_LITERAL_CONVERSION = YES;
				CLANG_WARN_OBJC_ROOT_CLASS = YES_ERROR;
				CLANG_WARN_QUOTED_INCLUDE_IN_FRAMEWORK_HEADER = YES;
				CLANG_WARN_RANGE_LOOP_ANALYSIS = YES;
				CLANG_WARN_STRICT_PROTOTYPES = YES;
				CLANG_WARN_SUSPICIOUS_MOVE = YES;
				CLANG_WARN_UNGUARDED_AVAILABILITY = YES_AGGRESSIVE;
				CLANG_WARN_UNREACHABLE_CODE = YES;
				CLANG_WARN__DUPLICATE_METHOD_MATCH = YES;
				COPY_PHASE_STRIP = NO;
				DEBUG_INFORMATION_FORMAT = "dwarf-with-dsym";
				ENABLE_NS_ASSERTIONS = NO;
				ENABLE_STRICT_OBJC_MSGSEND = YES;
				ENABLE_USER_SCRIPT_SANDBOXING = YES;
				GCC_C_LANGUAGE_STANDARD = gnu17;
				GCC_NO_COMMON_BLOCKS = YES;
				GCC_WARN_64_TO_32_BIT_CONVERSION = YES;
				GCC_WARN_ABOUT_RETURN_TYPE = YES_ERROR;
				GCC_WARN_UNDECLARED_SELECTOR = YES;
				GCC_WARN_UNINITIALIZED_AUTOS = YES_AGGRESSIVE;
				GCC_WARN_UNUSED_FUNCTION = YES;
				GCC_WARN_UNUSED_VARIABLE = YES;
				IPHONEOS_DEPLOYMENT_TARGET = 18.2;
				LOCALIZATION_PREFERS_STRING_CATALOGS = YES;
				MTL_ENABLE_DEBUG_INFO = NO;
				MTL_FAST_MATH = YES;
				SDKROOT = iphoneos;
				SWIFT_COMPILATION_MODE = wholemodule;
				VALIDATE_PRODUCT = YES;
			};
			name = Release;
		};
		A34AFE2C2D30847000EADBDC /* Debug */ = {
			isa = XCBuildConfiguration;
			buildSettings = {
				ASSETCATALOG_COMPILER_APPICON_NAME = AppIcon;
				ASSETCATALOG_COMPILER_GLOBAL_ACCENT_COLOR_NAME = AccentColor;
				CODE_SIGN_STYLE = Automatic;
				CURRENT_PROJECT_VERSION = 1;
				DEVELOPMENT_ASSET_PATHS = "\"NewsApp_MVVM/Preview Content\"";
				DEVELOPMENT_TEAM = 686L4TXLDH;
				ENABLE_PREVIEWS = YES;
				GENERATE_INFOPLIST_FILE = YES;
				INFOPLIST_KEY_UIApplicationSceneManifest_Generation = YES;
				INFOPLIST_KEY_UIApplicationSupportsIndirectInputEvents = YES;
				INFOPLIST_KEY_UILaunchScreen_Generation = YES;
				INFOPLIST_KEY_UISupportedInterfaceOrientations_iPad = "UIInterfaceOrientationPortrait UIInterfaceOrientationPortraitUpsideDown UIInterfaceOrientationLandscapeLeft UIInterfaceOrientationLandscapeRight";
				INFOPLIST_KEY_UISupportedInterfaceOrientations_iPhone = "UIInterfaceOrientationPortrait UIInterfaceOrientationLandscapeLeft UIInterfaceOrientationLandscapeRight";
				LD_RUNPATH_SEARCH_PATHS = (
					"$(inherited)",
					"@executable_path/Frameworks",
				);
				MARKETING_VERSION = 1.0;
				PRODUCT_BUNDLE_IDENTIFIER = "com.SedatYildiz.NewsApp-MVVM";
				PRODUCT_NAME = "$(TARGET_NAME)";
				SWIFT_EMIT_LOC_STRINGS = YES;
				SWIFT_VERSION = 5.0;
				TARGETED_DEVICE_FAMILY = "1,2";
			};
			name = Debug;
		};
		A34AFE2D2D30847000EADBDC /* Release */ = {
			isa = XCBuildConfiguration;
			buildSettings = {
				ASSETCATALOG_COMPILER_APPICON_NAME = AppIcon;
				ASSETCATALOG_COMPILER_GLOBAL_ACCENT_COLOR_NAME = AccentColor;
				CODE_SIGN_STYLE = Automatic;
				CURRENT_PROJECT_VERSION = 1;
				DEVELOPMENT_ASSET_PATHS = "\"NewsApp_MVVM/Preview Content\"";
				DEVELOPMENT_TEAM = 686L4TXLDH;
				ENABLE_PREVIEWS = YES;
				GENERATE_INFOPLIST_FILE = YES;
				INFOPLIST_KEY_UIApplicationSceneManifest_Generation = YES;
				INFOPLIST_KEY_UIApplicationSupportsIndirectInputEvents = YES;
				INFOPLIST_KEY_UILaunchScreen_Generation = YES;
				INFOPLIST_KEY_UISupportedInterfaceOrientations_iPad = "UIInterfaceOrientationPortrait UIInterfaceOrientationPortraitUpsideDown UIInterfaceOrientationLandscapeLeft UIInterfaceOrientationLandscapeRight";
				INFOPLIST_KEY_UISupportedInterfaceOrientations_iPhone = "UIInterfaceOrientationPortrait UIInterfaceOrientationLandscapeLeft UIInterfaceOrientationLandscapeRight";
				LD_RUNPATH_SEARCH_PATHS = (
					"$(inherited)",
					"@executable_path/Frameworks",
				);
				MARKETING_VERSION = 1.0;
				PRODUCT_BUNDLE_IDENTIFIER = "com.SedatYildiz.NewsApp-MVVM";
				PRODUCT_NAME = "$(TARGET_NAME)";
				SWIFT_EMIT_LOC_STRINGS = YES;
				SWIFT_VERSION = 5.0;
				TARGETED_DEVICE_FAMILY = "1,2";
			};
			name = Release;
		};
		A34AFE2F2D30847000EADBDC /* Debug */ = {
			isa = XCBuildConfiguration;
			buildSettings = {
				BUNDLE_LOADER = "$(TEST_HOST)";
				CODE_SIGN_STYLE = Automatic;
				CURRENT_PROJECT_VERSION = 1;
				DEVELOPMENT_TEAM = 686L4TXLDH;
				GENERATE_INFOPLIST_FILE = YES;
				IPHONEOS_DEPLOYMENT_TARGET = 18.2;
				MARKETING_VERSION = 1.0;
				PRODUCT_BUNDLE_IDENTIFIER = "com.SedatYildiz.NewsApp-MVVMTests";
				PRODUCT_NAME = "$(TARGET_NAME)";
				SWIFT_EMIT_LOC_STRINGS = NO;
				SWIFT_VERSION = 5.0;
				TARGETED_DEVICE_FAMILY = "1,2";
				TEST_HOST = "$(BUILT_PRODUCTS_DIR)/NewsApp_MVVM.app/$(BUNDLE_EXECUTABLE_FOLDER_PATH)/NewsApp_MVVM";
			};
			name = Debug;
		};
		A34AFE302D30847000EADBDC /* Release */ = {
			isa = XCBuildConfiguration;
			buildSettings = {
				BUNDLE_LOADER = "$(TEST_HOST)";
				CODE_SIGN_STYLE = Automatic;
				CURRENT_PROJECT_VERSION = 1;
				DEVELOPMENT_TEAM = 686L4TXLDH;
				GENERATE_INFOPLIST_FILE = YES;
				IPHONEOS_DEPLOYMENT_TARGET = 18.2;
				MARKETING_VERSION = 1.0;
				PRODUCT_BUNDLE_IDENTIFIER = "com.SedatYildiz.NewsApp-MVVMTests";
				PRODUCT_NAME = "$(TARGET_NAME)";
				SWIFT_EMIT_LOC_STRINGS = NO;
				SWIFT_VERSION = 5.0;
				TARGETED_DEVICE_FAMILY = "1,2";
				TEST_HOST = "$(BUILT_PRODUCTS_DIR)/NewsApp_MVVM.app/$(BUNDLE_EXECUTABLE_FOLDER_PATH)/NewsApp_MVVM";
			};
			name = Release;
		};
		A34AFE322D30847000EADBDC /* Debug */ = {
			isa = XCBuildConfiguration;
			buildSettings = {
				CODE_SIGN_STYLE = Automatic;
				CURRENT_PROJECT_VERSION = 1;
				DEVELOPMENT_TEAM = 686L4TXLDH;
				GENERATE_INFOPLIST_FILE = YES;
				MARKETING_VERSION = 1.0;
				PRODUCT_BUNDLE_IDENTIFIER = "com.SedatYildiz.NewsApp-MVVMUITests";
				PRODUCT_NAME = "$(TARGET_NAME)";
				SWIFT_EMIT_LOC_STRINGS = NO;
				SWIFT_VERSION = 5.0;
				TARGETED_DEVICE_FAMILY = "1,2";
				TEST_TARGET_NAME = NewsApp_MVVM;
			};
			name = Debug;
		};
		A34AFE332D30847000EADBDC /* Release */ = {
			isa = XCBuildConfiguration;
			buildSettings = {
				CODE_SIGN_STYLE = Automatic;
				CURRENT_PROJECT_VERSION = 1;
				DEVELOPMENT_TEAM = 686L4TXLDH;
				GENERATE_INFOPLIST_FILE = YES;
				MARKETING_VERSION = 1.0;
				PRODUCT_BUNDLE_IDENTIFIER = "com.SedatYildiz.NewsApp-MVVMUITests";
				PRODUCT_NAME = "$(TARGET_NAME)";
				SWIFT_EMIT_LOC_STRINGS = NO;
				SWIFT_VERSION = 5.0;
				TARGETED_DEVICE_FAMILY = "1,2";
				TEST_TARGET_NAME = NewsApp_MVVM;
			};
			name = Release;
		};
/* End XCBuildConfiguration section */

/* Begin XCConfigurationList section */
		A34AFE022D30846E00EADBDC /* Build configuration list for PBXProject "NewsApp_MVVM" */ = {
			isa = XCConfigurationList;
			buildConfigurations = (
				A34AFE292D30847000EADBDC /* Debug */,
				A34AFE2A2D30847000EADBDC /* Release */,
			);
			defaultConfigurationIsVisible = 0;
			defaultConfigurationName = Release;
		};
		A34AFE2B2D30847000EADBDC /* Build configuration list for PBXNativeTarget "NewsApp_MVVM" */ = {
			isa = XCConfigurationList;
			buildConfigurations = (
				A34AFE2C2D30847000EADBDC /* Debug */,
				A34AFE2D2D30847000EADBDC /* Release */,
			);
			defaultConfigurationIsVisible = 0;
			defaultConfigurationName = Release;
		};
		A34AFE2E2D30847000EADBDC /* Build configuration list for PBXNativeTarget "NewsApp_MVVMTests" */ = {
			isa = XCConfigurationList;
			buildConfigurations = (
				A34AFE2F2D30847000EADBDC /* Debug */,
				A34AFE302D30847000EADBDC /* Release */,
			);
			defaultConfigurationIsVisible = 0;
			defaultConfigurationName = Release;
		};
		A34AFE312D30847000EADBDC /* Build configuration list for PBXNativeTarget "NewsApp_MVVMUITests" */ = {
			isa = XCConfigurationList;
			buildConfigurations = (
				A34AFE322D30847000EADBDC /* Debug */,
				A34AFE332D30847000EADBDC /* Release */,
			);
			defaultConfigurationIsVisible = 0;
			defaultConfigurationName = Release;
		};
/* End XCConfigurationList section */
	};
	rootObject = A34AFDFF2D30846E00EADBDC /* Project object */;
}
